
Microsoft Visual Studio Solution File, Format Version 12.00
# Visual Studio Version 16
VisualStudioVersion = 16.0.29709.97
MinimumVisualStudioVersion = 10.0.40219.1
Project("{FAE04EC0-301F-11D3-BF4B-00C04F79EFBC}") = "Kouzi", "Kouzi\Kouzi.csproj", "{E220051F-9A7A-4972-9432-419F5D86A67E}"
EndProject
Project("{54435603-DBB4-11D2-8724-00A0C9A8B90C}") = "Setup", "Setup\Setup.vdproj", "{5A14D936-7936-4F04-B5A4-FA5C04D6215D}"
EndProject
Global
	GlobalSection(SolutionConfigurationPlatforms) = preSolution
		Debug|Any CPU = Debug|Any CPU
		Release|Any CPU = Release|Any CPU
	EndGlobalSection
	GlobalSection(ProjectConfigurationPlatforms) = postSolution
		{E220051F-9A7A-4972-9432-419F5D86A67E}.Debug|Any CPU.ActiveCfg = Debug|Any CPU
		{E220051F-9A7A-4972-9432-419F5D86A67E}.Debug|Any CPU.Build.0 = Debug|Any CPU
		{E220051F-9A7A-4972-9432-419F5D86A67E}.Release|Any CPU.ActiveCfg = Release|Any CPU
		{E220051F-9A7A-4972-9432-419F5D86A67E}.Release|Any CPU.Build.0 = Release|Any CPU
		{5A14D936-7936-4F04-B5A4-FA5C04D6215D}.Debug|Any CPU.ActiveCfg = Debug
		{5A14D936-7936-4F04-B5A4-FA5C04D6215D}.Release|Any CPU.ActiveCfg = Release
	EndGlobalSection
	GlobalSection(SolutionProperties) = preSolution
		HideSolutionNode = FALSE
	EndGlobalSection
	GlobalSection(ExtensibilityGlobals) = postSolution
		SolutionGuid = {5918BB43-1D04-405A-B680-AADFA7BABCBF}
	EndGlobalSection
EndGlobal
