
Microsoft Visual Studio Solution File, Format Version 12.00
# Visual Studio 15
VisualStudioVersion = 15.0.28307.1169
MinimumVisualStudioVersion = 10.0.40219.1
Project("{FAE04EC0-301F-11D3-BF4B-00C04F79EFBC}") = "Kouzi", "Kouzi\Kouzi.csproj", "{E220051F-9A7A-4972-9432-419F5D86A67E}"
EndProject
Global
	GlobalSection(SolutionConfigurationPlatforms) = preSolution
		Debug|Any CPU = Debug|Any CPU
		Release|Any CPU = Release|Any CPU
	EndGlobalSection
	GlobalSection(ProjectConfigurationPlatforms) = postSolution
		{E220051F-9A7A-4972-9432-419F5D86A67E}.Debug|Any CPU.ActiveCfg = Debug|Any CPU
		{E220051F-9A7A-4972-9432-419F5D86A67E}.Debug|Any CPU.Build.0 = Debug|Any CPU
		{E220051F-9A7A-4972-9432-419F5D86A67E}.Release|Any CPU.ActiveCfg = Release|Any CPU
		{E220051F-9A7A-4972-9432-419F5D86A67E}.Release|Any CPU.Build.0 = Release|Any CPU
	EndGlobalSection
	GlobalSection(SolutionProperties) = preSolution
		HideSolutionNode = FALSE
	EndGlobalSection
	GlobalSection(ExtensibilityGlobals) = postSolution
		SolutionGuid = {5918BB43-1D04-405A-B680-AADFA7BABCBF}
	EndGlobalSection
EndGlobal
